
Microsoft Visual Studio Solution File, Format Version 12.00
# Visual Studio 15
VisualStudioVersion = 15.0.28307.329
MinimumVisualStudioVersion = 10.0.40219.1
Project("{FAE04EC0-301F-11D3-BF4B-00C04F79EFBC}") = "GitClient", "GitClient\GitClient.csproj", "{76527C37-6885-4615-B453-0CA23C48A550}"
EndProject
Global
	GlobalSection(SolutionConfigurationPlatforms) = preSolution
		Debug|Any CPU = Debug|Any CPU
		Release|Any CPU = Release|Any CPU
	EndGlobalSection
	GlobalSection(ProjectConfigurationPlatforms) = postSolution
		{76527C37-6885-4615-B453-0CA23C48A550}.Debug|Any CPU.ActiveCfg = Debug|Any CPU
		{76527C37-6885-4615-B453-0CA23C48A550}.Debug|Any CPU.Build.0 = Debug|Any CPU
		{76527C37-6885-4615-B453-0CA23C48A550}.Release|Any CPU.ActiveCfg = Release|Any CPU
		{76527C37-6885-4615-B453-0CA23C48A550}.Release|Any CPU.Build.0 = Release|Any CPU
	EndGlobalSection
	GlobalSection(SolutionProperties) = preSolution
		HideSolutionNode = FALSE
	EndGlobalSection
	GlobalSection(ExtensibilityGlobals) = postSolution
		SolutionGuid = {49447668-B795-46D0-B25D-0DB95C6BAE49}
	EndGlobalSection
EndGlobal
